// !$*UTF8*$!
{
	archiveVersion = 1;
	classes = {
	};
	objectVersion = 46;
	objects = {

/* Begin PBXBuildFile section */
		FC4B51911ADD7A2600287C69 /* AppDelegate.swift in Sources */ = {isa = PBXBuildFile; fileRef = FC4B51901ADD7A2600287C69 /* AppDelegate.swift */; };
		FC4B51941ADD7A2600287C69 /* selfie.xcdatamodeld in Sources */ = {isa = PBXBuildFile; fileRef = FC4B51921ADD7A2600287C69 /* selfie.xcdatamodeld */; };
		FC4B51961ADD7A2600287C69 /* ViewController.swift in Sources */ = {isa = PBXBuildFile; fileRef = FC4B51951ADD7A2600287C69 /* ViewController.swift */; };
		FC4B519B1ADD7A2600287C69 /* Images.xcassets in Resources */ = {isa = PBXBuildFile; fileRef = FC4B519A1ADD7A2600287C69 /* Images.xcassets */; };
		FC4B519E1ADD7A2600287C69 /* LaunchScreen.xib in Resources */ = {isa = PBXBuildFile; fileRef = FC4B519C1ADD7A2600287C69 /* LaunchScreen.xib */; };
		FC4B51AA1ADD7A2700287C69 /* selfieTests.swift in Sources */ = {isa = PBXBuildFile; fileRef = FC4B51A91ADD7A2700287C69 /* selfieTests.swift */; };
		FC594A7C1AE99D0D002698C3 /* DetailViewController.swift in Sources */ = {isa = PBXBuildFile; fileRef = FC594A7B1AE99D0D002698C3 /* DetailViewController.swift */; };
		FC594A7D1AE9A386002698C3 /* Main.storyboard in Resources */ = {isa = PBXBuildFile; fileRef = FC4B51971ADD7A2600287C69 /* Main.storyboard */; };
		FC594A7F1AE9AC83002698C3 /* MainTableViewController.swift in Sources */ = {isa = PBXBuildFile; fileRef = FC594A7E1AE9AC83002698C3 /* MainTableViewController.swift */; };
		FC594A831AE9B6B8002698C3 /* ContactViewController.swift in Sources */ = {isa = PBXBuildFile; fileRef = FC594A821AE9B6B8002698C3 /* ContactViewController.swift */; };
		FC594A851AE9BC76002698C3 /* GiverideViewController.swift in Sources */ = {isa = PBXBuildFile; fileRef = FC594A841AE9BC76002698C3 /* GiverideViewController.swift */; };
		FC65D1621AE947A400F8A56A /* loginViewController.swift in Sources */ = {isa = PBXBuildFile; fileRef = FC65D1611AE947A400F8A56A /* loginViewController.swift */; };
		FC65D1661AE9571C00F8A56A /* CFNetwork.framework in Frameworks */ = {isa = PBXBuildFile; fileRef = FC65D1651AE9571C00F8A56A /* CFNetwork.framework */; };
		FC65D16C1AE95C0D00F8A56A /* hometest.swift in Sources */ = {isa = PBXBuildFile; fileRef = FC65D16B1AE95C0D00F8A56A /* hometest.swift */; };
		FCCB80A71ADE19F0000D43F8 /* libsqlite3.dylib in Frameworks */ = {isa = PBXBuildFile; fileRef = FCCB80A61ADE19F0000D43F8 /* libsqlite3.dylib */; };
		FCE0EA591ADE0C73008E430B /* AudioToolbox.framework in Frameworks */ = {isa = PBXBuildFile; fileRef = FCE0EA581ADE0C73008E430B /* AudioToolbox.framework */; };
		FCE0EA5B1ADE0C83008E430B /* Foundation.framework in Frameworks */ = {isa = PBXBuildFile; fileRef = FCE0EA5A1ADE0C83008E430B /* Foundation.framework */; };
		FCE0EA5D1ADE0C8C008E430B /* CoreGraphics.framework in Frameworks */ = {isa = PBXBuildFile; fileRef = FCE0EA5C1ADE0C8C008E430B /* CoreGraphics.framework */; };
		FCE0EA5F1ADE0C94008E430B /* CoreLocation.framework in Frameworks */ = {isa = PBXBuildFile; fileRef = FCE0EA5E1ADE0C94008E430B /* CoreLocation.framework */; };
		FCE0EA611ADE0CA0008E430B /* libz.dylib in Frameworks */ = {isa = PBXBuildFile; fileRef = FCE0EA601ADE0CA0008E430B /* libz.dylib */; };
		FCE0EA631ADE0CA8008E430B /* MobileCoreServices.framework in Frameworks */ = {isa = PBXBuildFile; fileRef = FCE0EA621ADE0CA8008E430B /* MobileCoreServices.framework */; };
		FCE0EA651ADE0CB1008E430B /* QuartzCore.framework in Frameworks */ = {isa = PBXBuildFile; fileRef = FCE0EA641ADE0CB1008E430B /* QuartzCore.framework */; };
		FCE0EA671ADE0CB7008E430B /* Security.framework in Frameworks */ = {isa = PBXBuildFile; fileRef = FCE0EA661ADE0CB7008E430B /* Security.framework */; };
		FCE0EA691ADE0CC0008E430B /* StoreKit.framework in Frameworks */ = {isa = PBXBuildFile; fileRef = FCE0EA681ADE0CC0008E430B /* StoreKit.framework */; };
		FCE0EA6B1ADE0CCB008E430B /* SystemConfiguration.framework in Frameworks */ = {isa = PBXBuildFile; fileRef = FCE0EA6A1ADE0CCB008E430B /* SystemConfiguration.framework */; };
		FCE0EA731ADE0D82008E430B /* Bolts.framework in Frameworks */ = {isa = PBXBuildFile; fileRef = FCE0EA6D1ADE0D82008E430B /* Bolts.framework */; };
		FCE0EA741ADE0D82008E430B /* Parse.framework in Frameworks */ = {isa = PBXBuildFile; fileRef = FCE0EA6E1ADE0D82008E430B /* Parse.framework */; };
		FCE0EA751ADE0D82008E430B /* ParseCrashReporting.framework in Frameworks */ = {isa = PBXBuildFile; fileRef = FCE0EA6F1ADE0D82008E430B /* ParseCrashReporting.framework */; };
		FCE0EA761ADE0D82008E430B /* ParseFacebookUtils.framework in Frameworks */ = {isa = PBXBuildFile; fileRef = FCE0EA701ADE0D82008E430B /* ParseFacebookUtils.framework */; };
		FCE0EA771ADE0D82008E430B /* ParseFacebookUtilsV4.framework in Frameworks */ = {isa = PBXBuildFile; fileRef = FCE0EA711ADE0D82008E430B /* ParseFacebookUtilsV4.framework */; };
		FCE0EA781ADE0D82008E430B /* ParseUI.framework in Frameworks */ = {isa = PBXBuildFile; fileRef = FCE0EA721ADE0D82008E430B /* ParseUI.framework */; };
/* End PBXBuildFile section */

/* Begin PBXContainerItemProxy section */
		FC4B51A41ADD7A2700287C69 /* PBXContainerItemProxy */ = {
			isa = PBXContainerItemProxy;
			containerPortal = FC4B51831ADD7A2600287C69 /* Project object */;
			proxyType = 1;
			remoteGlobalIDString = FC4B518A1ADD7A2600287C69;
			remoteInfo = selfie;
		};
/* End PBXContainerItemProxy section */

/* Begin PBXFileReference section */
		FC4B518B1ADD7A2600287C69 /* selfie.app */ = {isa = PBXFileReference; explicitFileType = wrapper.application; includeInIndex = 0; path = selfie.app; sourceTree = BUILT_PRODUCTS_DIR; };
		FC4B518F1ADD7A2600287C69 /* Info.plist */ = {isa = PBXFileReference; lastKnownFileType = text.plist.xml; path = Info.plist; sourceTree = "<group>"; };
		FC4B51901ADD7A2600287C69 /* AppDelegate.swift */ = {isa = PBXFileReference; lastKnownFileType = sourcecode.swift; path = AppDelegate.swift; sourceTree = "<group>"; };
		FC4B51931ADD7A2600287C69 /* selfie.xcdatamodel */ = {isa = PBXFileReference; lastKnownFileType = wrapper.xcdatamodel; path = selfie.xcdatamodel; sourceTree = "<group>"; };
		FC4B51951ADD7A2600287C69 /* ViewController.swift */ = {isa = PBXFileReference; lastKnownFileType = sourcecode.swift; path = ViewController.swift; sourceTree = "<group>"; };
		FC4B51981ADD7A2600287C69 /* Base */ = {isa = PBXFileReference; lastKnownFileType = file.storyboard; name = Base; path = Base.lproj/Main.storyboard; sourceTree = "<group>"; };
		FC4B519A1ADD7A2600287C69 /* Images.xcassets */ = {isa = PBXFileReference; lastKnownFileType = folder.assetcatalog; path = Images.xcassets; sourceTree = "<group>"; };
		FC4B519D1ADD7A2600287C69 /* Base */ = {isa = PBXFileReference; lastKnownFileType = file.xib; name = Base; path = Base.lproj/LaunchScreen.xib; sourceTree = "<group>"; };
		FC4B51A31ADD7A2700287C69 /* selfieTests.xctest */ = {isa = PBXFileReference; explicitFileType = wrapper.cfbundle; includeInIndex = 0; path = selfieTests.xctest; sourceTree = BUILT_PRODUCTS_DIR; };
		FC4B51A81ADD7A2700287C69 /* Info.plist */ = {isa = PBXFileReference; lastKnownFileType = text.plist.xml; path = Info.plist; sourceTree = "<group>"; };
		FC4B51A91ADD7A2700287C69 /* selfieTests.swift */ = {isa = PBXFileReference; lastKnownFileType = sourcecode.swift; path = selfieTests.swift; sourceTree = "<group>"; };
		FC594A7B1AE99D0D002698C3 /* DetailViewController.swift */ = {isa = PBXFileReference; fileEncoding = 4; lastKnownFileType = sourcecode.swift; path = DetailViewController.swift; sourceTree = "<group>"; };
		FC594A7E1AE9AC83002698C3 /* MainTableViewController.swift */ = {isa = PBXFileReference; fileEncoding = 4; lastKnownFileType = sourcecode.swift; path = MainTableViewController.swift; sourceTree = "<group>"; };
		FC594A821AE9B6B8002698C3 /* ContactViewController.swift */ = {isa = PBXFileReference; fileEncoding = 4; lastKnownFileType = sourcecode.swift; path = ContactViewController.swift; sourceTree = "<group>"; };
		FC594A841AE9BC76002698C3 /* GiverideViewController.swift */ = {isa = PBXFileReference; fileEncoding = 4; lastKnownFileType = sourcecode.swift; path = GiverideViewController.swift; sourceTree = "<group>"; };
		FC65D1611AE947A400F8A56A /* loginViewController.swift */ = {isa = PBXFileReference; fileEncoding = 4; lastKnownFileType = sourcecode.swift; path = loginViewController.swift; sourceTree = "<group>"; };
		FC65D1651AE9571C00F8A56A /* CFNetwork.framework */ = {isa = PBXFileReference; lastKnownFileType = wrapper.framework; name = CFNetwork.framework; path = System/Library/Frameworks/CFNetwork.framework; sourceTree = SDKROOT; };
		FC65D16B1AE95C0D00F8A56A /* hometest.swift */ = {isa = PBXFileReference; fileEncoding = 4; lastKnownFileType = sourcecode.swift; path = hometest.swift; sourceTree = "<group>"; };
		FCCB80A61ADE19F0000D43F8 /* libsqlite3.dylib */ = {isa = PBXFileReference; lastKnownFileType = "compiled.mach-o.dylib"; name = libsqlite3.dylib; path = usr/lib/libsqlite3.dylib; sourceTree = SDKROOT; };
		FCE0EA581ADE0C73008E430B /* AudioToolbox.framework */ = {isa = PBXFileReference; lastKnownFileType = wrapper.framework; name = AudioToolbox.framework; path = System/Library/Frameworks/AudioToolbox.framework; sourceTree = SDKROOT; };
		FCE0EA5A1ADE0C83008E430B /* Foundation.framework */ = {isa = PBXFileReference; lastKnownFileType = wrapper.framework; name = Foundation.framework; path = System/Library/Frameworks/Foundation.framework; sourceTree = SDKROOT; };
		FCE0EA5C1ADE0C8C008E430B /* CoreGraphics.framework */ = {isa = PBXFileReference; lastKnownFileType = wrapper.framework; name = CoreGraphics.framework; path = System/Library/Frameworks/CoreGraphics.framework; sourceTree = SDKROOT; };
		FCE0EA5E1ADE0C94008E430B /* CoreLocation.framework */ = {isa = PBXFileReference; lastKnownFileType = wrapper.framework; name = CoreLocation.framework; path = System/Library/Frameworks/CoreLocation.framework; sourceTree = SDKROOT; };
		FCE0EA601ADE0CA0008E430B /* libz.dylib */ = {isa = PBXFileReference; lastKnownFileType = "compiled.mach-o.dylib"; name = libz.dylib; path = usr/lib/libz.dylib; sourceTree = SDKROOT; };
		FCE0EA621ADE0CA8008E430B /* MobileCoreServices.framework */ = {isa = PBXFileReference; lastKnownFileType = wrapper.framework; name = MobileCoreServices.framework; path = System/Library/Frameworks/MobileCoreServices.framework; sourceTree = SDKROOT; };
		FCE0EA641ADE0CB1008E430B /* QuartzCore.framework */ = {isa = PBXFileReference; lastKnownFileType = wrapper.framework; name = QuartzCore.framework; path = System/Library/Frameworks/QuartzCore.framework; sourceTree = SDKROOT; };
		FCE0EA661ADE0CB7008E430B /* Security.framework */ = {isa = PBXFileReference; lastKnownFileType = wrapper.framework; name = Security.framework; path = System/Library/Frameworks/Security.framework; sourceTree = SDKROOT; };
		FCE0EA681ADE0CC0008E430B /* StoreKit.framework */ = {isa = PBXFileReference; lastKnownFileType = wrapper.framework; name = StoreKit.framework; path = System/Library/Frameworks/StoreKit.framework; sourceTree = SDKROOT; };
		FCE0EA6A1ADE0CCB008E430B /* SystemConfiguration.framework */ = {isa = PBXFileReference; lastKnownFileType = wrapper.framework; name = SystemConfiguration.framework; path = System/Library/Frameworks/SystemConfiguration.framework; sourceTree = SDKROOT; };
		FCE0EA6D1ADE0D82008E430B /* Bolts.framework */ = {isa = PBXFileReference; lastKnownFileType = wrapper.framework; path = Bolts.framework; sourceTree = "<group>"; };
		FCE0EA6E1ADE0D82008E430B /* Parse.framework */ = {isa = PBXFileReference; lastKnownFileType = wrapper.framework; path = Parse.framework; sourceTree = "<group>"; };
		FCE0EA6F1ADE0D82008E430B /* ParseCrashReporting.framework */ = {isa = PBXFileReference; lastKnownFileType = wrapper.framework; path = ParseCrashReporting.framework; sourceTree = "<group>"; };
		FCE0EA701ADE0D82008E430B /* ParseFacebookUtils.framework */ = {isa = PBXFileReference; lastKnownFileType = wrapper.framework; path = ParseFacebookUtils.framework; sourceTree = "<group>"; };
		FCE0EA711ADE0D82008E430B /* ParseFacebookUtilsV4.framework */ = {isa = PBXFileReference; lastKnownFileType = wrapper.framework; path = ParseFacebookUtilsV4.framework; sourceTree = "<group>"; };
		FCE0EA721ADE0D82008E430B /* ParseUI.framework */ = {isa = PBXFileReference; lastKnownFileType = wrapper.framework; path = ParseUI.framework; sourceTree = "<group>"; };
		FCE0EA791ADE0E3B008E430B /* selfie-Bridging-Header.h */ = {isa = PBXFileReference; lastKnownFileType = sourcecode.c.h; path = "selfie-Bridging-Header.h"; sourceTree = "<group>"; };
/* End PBXFileReference section */

/* Begin PBXFrameworksBuildPhase section */
		FC4B51881ADD7A2600287C69 /* Frameworks */ = {
			isa = PBXFrameworksBuildPhase;
			buildActionMask = 2147483647;
			files = (
				FCE0EA6B1ADE0CCB008E430B /* SystemConfiguration.framework in Frameworks */,
				FCE0EA631ADE0CA8008E430B /* MobileCoreServices.framework in Frameworks */,
				FC65D1661AE9571C00F8A56A /* CFNetwork.framework in Frameworks */,
				FCCB80A71ADE19F0000D43F8 /* libsqlite3.dylib in Frameworks */,
				FCE0EA761ADE0D82008E430B /* ParseFacebookUtils.framework in Frameworks */,
				FCE0EA691ADE0CC0008E430B /* StoreKit.framework in Frameworks */,
				FCE0EA671ADE0CB7008E430B /* Security.framework in Frameworks */,
				FCE0EA651ADE0CB1008E430B /* QuartzCore.framework in Frameworks */,
				FCE0EA781ADE0D82008E430B /* ParseUI.framework in Frameworks */,
				FCE0EA611ADE0CA0008E430B /* libz.dylib in Frameworks */,
				FCE0EA5F1ADE0C94008E430B /* CoreLocation.framework in Frameworks */,
				FCE0EA5D1ADE0C8C008E430B /* CoreGraphics.framework in Frameworks */,
				FCE0EA731ADE0D82008E430B /* Bolts.framework in Frameworks */,
				FCE0EA5B1ADE0C83008E430B /* Foundation.framework in Frameworks */,
				FCE0EA741ADE0D82008E430B /* Parse.framework in Frameworks */,
				FCE0EA591ADE0C73008E430B /* AudioToolbox.framework in Frameworks */,
				FCE0EA751ADE0D82008E430B /* ParseCrashReporting.framework in Frameworks */,
				FCE0EA771ADE0D82008E430B /* ParseFacebookUtilsV4.framework in Frameworks */,
			);
			runOnlyForDeploymentPostprocessing = 0;
		};
		FC4B51A01ADD7A2700287C69 /* Frameworks */ = {
			isa = PBXFrameworksBuildPhase;
			buildActionMask = 2147483647;
			files = (
			);
			runOnlyForDeploymentPostprocessing = 0;
		};
/* End PBXFrameworksBuildPhase section */

/* Begin PBXGroup section */
		FC4B51821ADD7A2600287C69 = {
			isa = PBXGroup;
			children = (
				FC65D1651AE9571C00F8A56A /* CFNetwork.framework */,
				FCCB80A61ADE19F0000D43F8 /* libsqlite3.dylib */,
				FCE0EA6C1ADE0D82008E430B /* parse-library-1.7.1 */,
				FCE0EA6A1ADE0CCB008E430B /* SystemConfiguration.framework */,
				FCE0EA681ADE0CC0008E430B /* StoreKit.framework */,
				FCE0EA661ADE0CB7008E430B /* Security.framework */,
				FCE0EA641ADE0CB1008E430B /* QuartzCore.framework */,
				FCE0EA621ADE0CA8008E430B /* MobileCoreServices.framework */,
				FCE0EA601ADE0CA0008E430B /* libz.dylib */,
				FCE0EA5E1ADE0C94008E430B /* CoreLocation.framework */,
				FCE0EA5C1ADE0C8C008E430B /* CoreGraphics.framework */,
				FCE0EA5A1ADE0C83008E430B /* Foundation.framework */,
				FCE0EA581ADE0C73008E430B /* AudioToolbox.framework */,
				FC4B518D1ADD7A2600287C69 /* selfie */,
				FC4B51A61ADD7A2700287C69 /* selfieTests */,
				FC4B518C1ADD7A2600287C69 /* Products */,
			);
			sourceTree = "<group>";
		};
		FC4B518C1ADD7A2600287C69 /* Products */ = {
			isa = PBXGroup;
			children = (
				FC4B518B1ADD7A2600287C69 /* selfie.app */,
				FC4B51A31ADD7A2700287C69 /* selfieTests.xctest */,
			);
			name = Products;
			sourceTree = "<group>";
		};
		FC4B518D1ADD7A2600287C69 /* selfie */ = {
			isa = PBXGroup;
			children = (
				FC594A861AE9C096002698C3 /* controllers */,
				FC4B51901ADD7A2600287C69 /* AppDelegate.swift */,
				FC4B51971ADD7A2600287C69 /* Main.storyboard */,
				FC4B519A1ADD7A2600287C69 /* Images.xcassets */,
				FC4B519C1ADD7A2600287C69 /* LaunchScreen.xib */,
				FC4B51921ADD7A2600287C69 /* selfie.xcdatamodeld */,
				FC4B518E1ADD7A2600287C69 /* Supporting Files */,
				FCE0EA791ADE0E3B008E430B /* selfie-Bridging-Header.h */,
			);
			path = selfie;
			sourceTree = "<group>";
		};
		FC4B518E1ADD7A2600287C69 /* Supporting Files */ = {
			isa = PBXGroup;
			children = (
				FC4B518F1ADD7A2600287C69 /* Info.plist */,
			);
			name = "Supporting Files";
			sourceTree = "<group>";
		};
		FC4B51A61ADD7A2700287C69 /* selfieTests */ = {
			isa = PBXGroup;
			children = (
				FC4B51A91ADD7A2700287C69 /* selfieTests.swift */,
				FC4B51A71ADD7A2700287C69 /* Supporting Files */,
			);
			path = selfieTests;
			sourceTree = "<group>";
		};
		FC4B51A71ADD7A2700287C69 /* Supporting Files */ = {
			isa = PBXGroup;
			children = (
				FC4B51A81ADD7A2700287C69 /* Info.plist */,
			);
			name = "Supporting Files";
			sourceTree = "<group>";
		};
		FC594A861AE9C096002698C3 /* controllers */ = {
			isa = PBXGroup;
			children = (
				FC594A841AE9BC76002698C3 /* GiverideViewController.swift */,
				FC4B51951ADD7A2600287C69 /* ViewController.swift */,
				FC594A821AE9B6B8002698C3 /* ContactViewController.swift */,
				FC594A7E1AE9AC83002698C3 /* MainTableViewController.swift */,
				FC594A7B1AE99D0D002698C3 /* DetailViewController.swift */,
				FC65D1611AE947A400F8A56A /* loginViewController.swift */,
				FC65D16B1AE95C0D00F8A56A /* hometest.swift */,
			);
			name = controllers;
			sourceTree = "<group>";
		};
		FCE0EA6C1ADE0D82008E430B /* parse-library-1.7.1 */ = {
			isa = PBXGroup;
			children = (
				FCE0EA6D1ADE0D82008E430B /* Bolts.framework */,
				FCE0EA6E1ADE0D82008E430B /* Parse.framework */,
				FCE0EA6F1ADE0D82008E430B /* ParseCrashReporting.framework */,
				FCE0EA701ADE0D82008E430B /* ParseFacebookUtils.framework */,
				FCE0EA711ADE0D82008E430B /* ParseFacebookUtilsV4.framework */,
				FCE0EA721ADE0D82008E430B /* ParseUI.framework */,
			);
			path = "parse-library-1.7.1";
			sourceTree = "<group>";
		};
/* End PBXGroup section */

/* Begin PBXNativeTarget section */
		FC4B518A1ADD7A2600287C69 /* selfie */ = {
			isa = PBXNativeTarget;
			buildConfigurationList = FC4B51AD1ADD7A2700287C69 /* Build configuration list for PBXNativeTarget "selfie" */;
			buildPhases = (
				FC4B51871ADD7A2600287C69 /* Sources */,
				FC4B51881ADD7A2600287C69 /* Frameworks */,
				FC4B51891ADD7A2600287C69 /* Resources */,
			);
			buildRules = (
			);
			dependencies = (
			);
			name = selfie;
			productName = selfie;
			productReference = FC4B518B1ADD7A2600287C69 /* selfie.app */;
			productType = "com.apple.product-type.application";
		};
		FC4B51A21ADD7A2700287C69 /* selfieTests */ = {
			isa = PBXNativeTarget;
			buildConfigurationList = FC4B51B01ADD7A2700287C69 /* Build configuration list for PBXNativeTarget "selfieTests" */;
			buildPhases = (
				FC4B519F1ADD7A2700287C69 /* Sources */,
				FC4B51A01ADD7A2700287C69 /* Frameworks */,
				FC4B51A11ADD7A2700287C69 /* Resources */,
			);
			buildRules = (
			);
			dependencies = (
				FC4B51A51ADD7A2700287C69 /* PBXTargetDependency */,
			);
			name = selfieTests;
			productName = selfieTests;
			productReference = FC4B51A31ADD7A2700287C69 /* selfieTests.xctest */;
			productType = "com.apple.product-type.bundle.unit-test";
		};
/* End PBXNativeTarget section */

/* Begin PBXProject section */
		FC4B51831ADD7A2600287C69 /* Project object */ = {
			isa = PBXProject;
			attributes = {
				LastUpgradeCheck = 0620;
				ORGANIZATIONNAME = "Sushma Reddy";
				TargetAttributes = {
					FC4B518A1ADD7A2600287C69 = {
						CreatedOnToolsVersion = 6.2;
					};
					FC4B51A21ADD7A2700287C69 = {
						CreatedOnToolsVersion = 6.2;
						TestTargetID = FC4B518A1ADD7A2600287C69;
					};
				};
			};
			buildConfigurationList = FC4B51861ADD7A2600287C69 /* Build configuration list for PBXProject "selfie" */;
			compatibilityVersion = "Xcode 3.2";
			developmentRegion = English;
			hasScannedForEncodings = 0;
			knownRegions = (
				en,
				Base,
			);
			mainGroup = FC4B51821ADD7A2600287C69;
			productRefGroup = FC4B518C1ADD7A2600287C69 /* Products */;
			projectDirPath = "";
			projectRoot = "";
			targets = (
				FC4B518A1ADD7A2600287C69 /* selfie */,
				FC4B51A21ADD7A2700287C69 /* selfieTests */,
			);
		};
/* End PBXProject section */

/* Begin PBXResourcesBuildPhase section */
		FC4B51891ADD7A2600287C69 /* Resources */ = {
			isa = PBXResourcesBuildPhase;
			buildActionMask = 2147483647;
			files = (
				FC594A7D1AE9A386002698C3 /* Main.storyboard in Resources */,
				FC4B519E1ADD7A2600287C69 /* LaunchScreen.xib in Resources */,
				FC4B519B1ADD7A2600287C69 /* Images.xcassets in Resources */,
			);
			runOnlyForDeploymentPostprocessing = 0;
		};
		FC4B51A11ADD7A2700287C69 /* Resources */ = {
			isa = PBXResourcesBuildPhase;
			buildActionMask = 2147483647;
			files = (
			);
			runOnlyForDeploymentPostprocessing = 0;
		};
/* End PBXResourcesBuildPhase section */

/* Begin PBXSourcesBuildPhase section */
		FC4B51871ADD7A2600287C69 /* Sources */ = {
			isa = PBXSourcesBuildPhase;
			buildActionMask = 2147483647;
			files = (
				FC65D1621AE947A400F8A56A /* loginViewController.swift in Sources */,
				FC594A831AE9B6B8002698C3 /* ContactViewController.swift in Sources */,
				FC4B51961ADD7A2600287C69 /* ViewController.swift in Sources */,
				FC4B51911ADD7A2600287C69 /* AppDelegate.swift in Sources */,
				FC65D16C1AE95C0D00F8A56A /* hometest.swift in Sources */,
				FC4B51941ADD7A2600287C69 /* selfie.xcdatamodeld in Sources */,
				FC594A851AE9BC76002698C3 /* GiverideViewController.swift in Sources */,
				FC594A7C1AE99D0D002698C3 /* DetailViewController.swift in Sources */,
				FC594A7F1AE9AC83002698C3 /* MainTableViewController.swift in Sources */,
			);
			runOnlyForDeploymentPostprocessing = 0;
		};
		FC4B519F1ADD7A2700287C69 /* Sources */ = {
			isa = PBXSourcesBuildPhase;
			buildActionMask = 2147483647;
			files = (
				FC4B51AA1ADD7A2700287C69 /* selfieTests.swift in Sources */,
			);
			runOnlyForDeploymentPostprocessing = 0;
		};
/* End PBXSourcesBuildPhase section */

/* Begin PBXTargetDependency section */
		FC4B51A51ADD7A2700287C69 /* PBXTargetDependency */ = {
			isa = PBXTargetDependency;
			target = FC4B518A1ADD7A2600287C69 /* selfie */;
			targetProxy = FC4B51A41ADD7A2700287C69 /* PBXContainerItemProxy */;
		};
/* End PBXTargetDependency section */

/* Begin PBXVariantGroup section */
		FC4B51971ADD7A2600287C69 /* Main.storyboard */ = {
			isa = PBXVariantGroup;
			children = (
				FC4B51981ADD7A2600287C69 /* Base */,
			);
			name = Main.storyboard;
			sourceTree = "<group>";
		};
		FC4B519C1ADD7A2600287C69 /* LaunchScreen.xib */ = {
			isa = PBXVariantGroup;
			children = (
				FC4B519D1ADD7A2600287C69 /* Base */,
			);
			name = LaunchScreen.xib;
			sourceTree = "<group>";
		};
/* End PBXVariantGroup section */

/* Begin XCBuildConfiguration section */
		FC4B51AB1ADD7A2700287C69 /* Debug */ = {
			isa = XCBuildConfiguration;
			buildSettings = {
				ALWAYS_SEARCH_USER_PATHS = NO;
				CLANG_CXX_LANGUAGE_STANDARD = "gnu++0x";
				CLANG_CXX_LIBRARY = "libc++";
				CLANG_ENABLE_MODULES = YES;
				CLANG_ENABLE_OBJC_ARC = YES;
				CLANG_WARN_BOOL_CONVERSION = YES;
				CLANG_WARN_CONSTANT_CONVERSION = YES;
				CLANG_WARN_DIRECT_OBJC_ISA_USAGE = YES_ERROR;
				CLANG_WARN_EMPTY_BODY = YES;
				CLANG_WARN_ENUM_CONVERSION = YES;
				CLANG_WARN_INT_CONVERSION = YES;
				CLANG_WARN_OBJC_ROOT_CLASS = YES_ERROR;
				CLANG_WARN_UNREACHABLE_CODE = YES;
				CLANG_WARN__DUPLICATE_METHOD_MATCH = YES;
				"CODE_SIGN_IDENTITY[sdk=iphoneos*]" = "iPhone Developer";
				COPY_PHASE_STRIP = NO;
				ENABLE_STRICT_OBJC_MSGSEND = YES;
				GCC_C_LANGUAGE_STANDARD = gnu99;
				GCC_DYNAMIC_NO_PIC = NO;
				GCC_OPTIMIZATION_LEVEL = 0;
				GCC_PREPROCESSOR_DEFINITIONS = (
					"DEBUG=1",
					"$(inherited)",
				);
				GCC_SYMBOLS_PRIVATE_EXTERN = NO;
				GCC_WARN_64_TO_32_BIT_CONVERSION = YES;
				GCC_WARN_ABOUT_RETURN_TYPE = YES_ERROR;
				GCC_WARN_UNDECLARED_SELECTOR = YES;
				GCC_WARN_UNINITIALIZED_AUTOS = YES_AGGRESSIVE;
				GCC_WARN_UNUSED_FUNCTION = YES;
				GCC_WARN_UNUSED_VARIABLE = YES;
				IPHONEOS_DEPLOYMENT_TARGET = 8.2;
				MTL_ENABLE_DEBUG_INFO = YES;
				ONLY_ACTIVE_ARCH = YES;
				SDKROOT = iphoneos;
				SWIFT_OPTIMIZATION_LEVEL = "-Onone";
			};
			name = Debug;
		};
		FC4B51AC1ADD7A2700287C69 /* Release */ = {
			isa = XCBuildConfiguration;
			buildSettings = {
				ALWAYS_SEARCH_USER_PATHS = NO;
				CLANG_CXX_LANGUAGE_STANDARD = "gnu++0x";
				CLANG_CXX_LIBRARY = "libc++";
				CLANG_ENABLE_MODULES = YES;
				CLANG_ENABLE_OBJC_ARC = YES;
				CLANG_WARN_BOOL_CONVERSION = YES;
				CLANG_WARN_CONSTANT_CONVERSION = YES;
				CLANG_WARN_DIRECT_OBJC_ISA_USAGE = YES_ERROR;
				CLANG_WARN_EMPTY_BODY = YES;
				CLANG_WARN_ENUM_CONVERSION = YES;
				CLANG_WARN_INT_CONVERSION = YES;
				CLANG_WARN_OBJC_ROOT_CLASS = YES_ERROR;
				CLANG_WARN_UNREACHABLE_CODE = YES;
				CLANG_WARN__DUPLICATE_METHOD_MATCH = YES;
				"CODE_SIGN_IDENTITY[sdk=iphoneos*]" = "iPhone Developer";
				COPY_PHASE_STRIP = NO;
				ENABLE_NS_ASSERTIONS = NO;
				ENABLE_STRICT_OBJC_MSGSEND = YES;
				GCC_C_LANGUAGE_STANDARD = gnu99;
				GCC_WARN_64_TO_32_BIT_CONVERSION = YES;
				GCC_WARN_ABOUT_RETURN_TYPE = YES_ERROR;
				GCC_WARN_UNDECLARED_SELECTOR = YES;
				GCC_WARN_UNINITIALIZED_AUTOS = YES_AGGRESSIVE;
				GCC_WARN_UNUSED_FUNCTION = YES;
				GCC_WARN_UNUSED_VARIABLE = YES;
				IPHONEOS_DEPLOYMENT_TARGET = 8.2;
				MTL_ENABLE_DEBUG_INFO = NO;
				SDKROOT = iphoneos;
				VALIDATE_PRODUCT = YES;
			};
			name = Release;
		};
		FC4B51AE1ADD7A2700287C69 /* Debug */ = {
			isa = XCBuildConfiguration;
			buildSettings = {
				ASSETCATALOG_COMPILER_APPICON_NAME = AppIcon;
				CLANG_ENABLE_MODULES = YES;
				FRAMEWORK_SEARCH_PATHS = (
					"$(inherited)",
					"$(PROJECT_DIR)/parse-library-1.7.1",
				);
				INFOPLIST_FILE = selfie/Info.plist;
				LD_RUNPATH_SEARCH_PATHS = "$(inherited) @executable_path/Frameworks";
				PRODUCT_NAME = "$(TARGET_NAME)";
				SWIFT_OBJC_BRIDGING_HEADER = "selfie/selfie-Bridging-Header.h";
				SWIFT_OPTIMIZATION_LEVEL = "-Onone";
			};
			name = Debug;
		};
		FC4B51AF1ADD7A2700287C69 /* Release */ = {
			isa = XCBuildConfiguration;
			buildSettings = {
				ASSETCATALOG_COMPILER_APPICON_NAME = AppIcon;
				CLANG_ENABLE_MODULES = YES;
				FRAMEWORK_SEARCH_PATHS = (
					"$(inherited)",
					"$(PROJECT_DIR)/parse-library-1.7.1",
				);
				INFOPLIST_FILE = selfie/Info.plist;
				LD_RUNPATH_SEARCH_PATHS = "$(inherited) @executable_path/Frameworks";
				PRODUCT_NAME = "$(TARGET_NAME)";
				SWIFT_OBJC_BRIDGING_HEADER = "selfie/selfie-Bridging-Header.h";
			};
			name = Release;
		};
		FC4B51B11ADD7A2700287C69 /* Debug */ = {
			isa = XCBuildConfiguration;
			buildSettings = {
				BUNDLE_LOADER = "$(TEST_HOST)";
				FRAMEWORK_SEARCH_PATHS = (
					"$(SDKROOT)/Developer/Library/Frameworks",
					"$(inherited)",
				);
				GCC_PREPROCESSOR_DEFINITIONS = (
					"DEBUG=1",
					"$(inherited)",
				);
				INFOPLIST_FILE = selfieTests/Info.plist;
				LD_RUNPATH_SEARCH_PATHS = "$(inherited) @executable_path/Frameworks @loader_path/Frameworks";
				PRODUCT_NAME = "$(TARGET_NAME)";
				TEST_HOST = "$(BUILT_PRODUCTS_DIR)/selfie.app/selfie";
			};
			name = Debug;
		};
		FC4B51B21ADD7A2700287C69 /* Release */ = {
			isa = XCBuildConfiguration;
			buildSettings = {
				BUNDLE_LOADER = "$(TEST_HOST)";
				FRAMEWORK_SEARCH_PATHS = (
					"$(SDKROOT)/Developer/Library/Frameworks",
					"$(inherited)",
				);
				INFOPLIST_FILE = selfieTests/Info.plist;
				LD_RUNPATH_SEARCH_PATHS = "$(inherited) @executable_path/Frameworks @loader_path/Frameworks";
				PRODUCT_NAME = "$(TARGET_NAME)";
				TEST_HOST = "$(BUILT_PRODUCTS_DIR)/selfie.app/selfie";
			};
			name = Release;
		};
/* End XCBuildConfiguration section */

/* Begin XCConfigurationList section */
		FC4B51861ADD7A2600287C69 /* Build configuration list for PBXProject "selfie" */ = {
			isa = XCConfigurationList;
			buildConfigurations = (
				FC4B51AB1ADD7A2700287C69 /* Debug */,
				FC4B51AC1ADD7A2700287C69 /* Release */,
			);
			defaultConfigurationIsVisible = 0;
			defaultConfigurationName = Release;
		};
		FC4B51AD1ADD7A2700287C69 /* Build configuration list for PBXNativeTarget "selfie" */ = {
			isa = XCConfigurationList;
			buildConfigurations = (
				FC4B51AE1ADD7A2700287C69 /* Debug */,
				FC4B51AF1ADD7A2700287C69 /* Release */,
			);
			defaultConfigurationIsVisible = 0;
			defaultConfigurationName = Release;
		};
		FC4B51B01ADD7A2700287C69 /* Build configuration list for PBXNativeTarget "selfieTests" */ = {
			isa = XCConfigurationList;
			buildConfigurations = (
				FC4B51B11ADD7A2700287C69 /* Debug */,
				FC4B51B21ADD7A2700287C69 /* Release */,
			);
			defaultConfigurationIsVisible = 0;
			defaultConfigurationName = Release;
		};
/* End XCConfigurationList section */

/* Begin XCVersionGroup section */
		FC4B51921ADD7A2600287C69 /* selfie.xcdatamodeld */ = {
			isa = XCVersionGroup;
			children = (
				FC4B51931ADD7A2600287C69 /* selfie.xcdatamodel */,
			);
			currentVersion = FC4B51931ADD7A2600287C69 /* selfie.xcdatamodel */;
			path = selfie.xcdatamodeld;
			sourceTree = "<group>";
			versionGroupType = wrapper.xcdatamodel;
		};
/* End XCVersionGroup section */
	};
	rootObject = FC4B51831ADD7A2600287C69 /* Project object */;
}
